
Microsoft Visual Studio Solution File, Format Version 12.00
# Visual Studio 15
VisualStudioVersion = 15.0.28307.421
MinimumVisualStudioVersion = 10.0.40219.1
Project("{FAE04EC0-301F-11D3-BF4B-00C04F79EFBC}") = "StockSys", "StockSys\StockSys.csproj", "{127930D0-7B09-4BC1-A241-933F883D092B}"
EndProject
Project("{FAE04EC0-301F-11D3-BF4B-00C04F79EFBC}") = "DAL", "DAL\DAL.csproj", "{E1531645-1CDA-415C-B57B-1E2A7936CA60}"
EndProject
Project("{FAE04EC0-301F-11D3-BF4B-00C04F79EFBC}") = "BLL", "BLL\BLL.csproj", "{50F5461B-0D76-4420-849F-A8354589C8B2}"
EndProject
Global
	GlobalSection(SolutionConfigurationPlatforms) = preSolution
		Debug|Any CPU = Debug|Any CPU
		Release|Any CPU = Release|Any CPU
	EndGlobalSection
	GlobalSection(ProjectConfigurationPlatforms) = postSolution
		{127930D0-7B09-4BC1-A241-933F883D092B}.Debug|Any CPU.ActiveCfg = Debug|Any CPU
		{127930D0-7B09-4BC1-A241-933F883D092B}.Debug|Any CPU.Build.0 = Debug|Any CPU
		{127930D0-7B09-4BC1-A241-933F883D092B}.Release|Any CPU.ActiveCfg = Release|Any CPU
		{127930D0-7B09-4BC1-A241-933F883D092B}.Release|Any CPU.Build.0 = Release|Any CPU
		{E1531645-1CDA-415C-B57B-1E2A7936CA60}.Debug|Any CPU.ActiveCfg = Debug|Any CPU
		{E1531645-1CDA-415C-B57B-1E2A7936CA60}.Debug|Any CPU.Build.0 = Debug|Any CPU
		{E1531645-1CDA-415C-B57B-1E2A7936CA60}.Release|Any CPU.ActiveCfg = Release|Any CPU
		{E1531645-1CDA-415C-B57B-1E2A7936CA60}.Release|Any CPU.Build.0 = Release|Any CPU
		{50F5461B-0D76-4420-849F-A8354589C8B2}.Debug|Any CPU.ActiveCfg = Debug|Any CPU
		{50F5461B-0D76-4420-849F-A8354589C8B2}.Debug|Any CPU.Build.0 = Debug|Any CPU
		{50F5461B-0D76-4420-849F-A8354589C8B2}.Release|Any CPU.ActiveCfg = Release|Any CPU
		{50F5461B-0D76-4420-849F-A8354589C8B2}.Release|Any CPU.Build.0 = Release|Any CPU
	EndGlobalSection
	GlobalSection(SolutionProperties) = preSolution
		HideSolutionNode = FALSE
	EndGlobalSection
	GlobalSection(ExtensibilityGlobals) = postSolution
		SolutionGuid = {E246B96A-3004-43AC-89A7-1CC27F7B8DE6}
	EndGlobalSection
EndGlobal
